// !$*UTF8*$!
{
	archiveVersion = 1;
	classes = {
	};
	objectVersion = 46;
	objects = {

/* Begin PBXBuildFile section */
		DFF3224E1EB7CE48008237E4 /* AppDelegate.swift in Sources */ = {isa = PBXBuildFile; fileRef = DFF3224D1EB7CE48008237E4 /* AppDelegate.swift */; };
		DFF322501EB7CE48008237E4 /* NoteViewController.swift in Sources */ = {isa = PBXBuildFile; fileRef = DFF3224F1EB7CE48008237E4 /* NoteViewController.swift */; };
		DFF322531EB7CE48008237E4 /* Main.storyboard in Resources */ = {isa = PBXBuildFile; fileRef = DFF322511EB7CE48008237E4 /* Main.storyboard */; };
		DFF322551EB7CE48008237E4 /* Assets.xcassets in Resources */ = {isa = PBXBuildFile; fileRef = DFF322541EB7CE48008237E4 /* Assets.xcassets */; };
		DFF322581EB7CE48008237E4 /* LaunchScreen.storyboard in Resources */ = {isa = PBXBuildFile; fileRef = DFF322561EB7CE48008237E4 /* LaunchScreen.storyboard */; };
		DFF79F721EB8FD880037E645 /* Note.swift in Sources */ = {isa = PBXBuildFile; fileRef = DFF79F711EB8FD880037E645 /* Note.swift */; };
		DFF79F741EB902FF0037E645 /* NoteTableViewCell.swift in Sources */ = {isa = PBXBuildFile; fileRef = DFF79F731EB902FF0037E645 /* NoteTableViewCell.swift */; };
		DFF79F761EB9084C0037E645 /* NoteTableViewController.swift in Sources */ = {isa = PBXBuildFile; fileRef = DFF79F751EB9084C0037E645 /* NoteTableViewController.swift */; };
/* End PBXBuildFile section */

/* Begin PBXFileReference section */
		DFF3224A1EB7CE48008237E4 /* Swift Sandbox.app */ = {isa = PBXFileReference; explicitFileType = wrapper.application; includeInIndex = 0; path = "Swift Sandbox.app"; sourceTree = BUILT_PRODUCTS_DIR; };
		DFF3224D1EB7CE48008237E4 /* AppDelegate.swift */ = {isa = PBXFileReference; lastKnownFileType = sourcecode.swift; path = AppDelegate.swift; sourceTree = "<group>"; };
		DFF3224F1EB7CE48008237E4 /* NoteViewController.swift */ = {isa = PBXFileReference; lastKnownFileType = sourcecode.swift; path = NoteViewController.swift; sourceTree = "<group>"; };
		DFF322521EB7CE48008237E4 /* Base */ = {isa = PBXFileReference; lastKnownFileType = file.storyboard; name = Base; path = Base.lproj/Main.storyboard; sourceTree = "<group>"; };
		DFF322541EB7CE48008237E4 /* Assets.xcassets */ = {isa = PBXFileReference; lastKnownFileType = folder.assetcatalog; path = Assets.xcassets; sourceTree = "<group>"; };
		DFF322571EB7CE48008237E4 /* Base */ = {isa = PBXFileReference; lastKnownFileType = file.storyboard; name = Base; path = Base.lproj/LaunchScreen.storyboard; sourceTree = "<group>"; };
		DFF322591EB7CE48008237E4 /* Info.plist */ = {isa = PBXFileReference; lastKnownFileType = text.plist.xml; path = Info.plist; sourceTree = "<group>"; };
		DFF79F711EB8FD880037E645 /* Note.swift */ = {isa = PBXFileReference; fileEncoding = 4; lastKnownFileType = sourcecode.swift; path = Note.swift; sourceTree = "<group>"; };
		DFF79F731EB902FF0037E645 /* NoteTableViewCell.swift */ = {isa = PBXFileReference; fileEncoding = 4; lastKnownFileType = sourcecode.swift; path = NoteTableViewCell.swift; sourceTree = "<group>"; };
		DFF79F751EB9084C0037E645 /* NoteTableViewController.swift */ = {isa = PBXFileReference; fileEncoding = 4; lastKnownFileType = sourcecode.swift; path = NoteTableViewController.swift; sourceTree = "<group>"; };
/* End PBXFileReference section */

/* Begin PBXFrameworksBuildPhase section */
		DFF322471EB7CE48008237E4 /* Frameworks */ = {
			isa = PBXFrameworksBuildPhase;
			buildActionMask = 2147483647;
			files = (
			);
			runOnlyForDeploymentPostprocessing = 0;
		};
/* End PBXFrameworksBuildPhase section */

/* Begin PBXGroup section */
		DFF322411EB7CE48008237E4 = {
			isa = PBXGroup;
			children = (
				DFF3224C1EB7CE48008237E4 /* Swift Sandbox */,
				DFF3224B1EB7CE48008237E4 /* Products */,
			);
			sourceTree = "<group>";
		};
		DFF3224B1EB7CE48008237E4 /* Products */ = {
			isa = PBXGroup;
			children = (
				DFF3224A1EB7CE48008237E4 /* Swift Sandbox.app */,
			);
			name = Products;
			sourceTree = "<group>";
		};
		DFF3224C1EB7CE48008237E4 /* Swift Sandbox */ = {
			isa = PBXGroup;
			children = (
				DFF3224D1EB7CE48008237E4 /* AppDelegate.swift */,
				DFF3224F1EB7CE48008237E4 /* NoteViewController.swift */,
				DFF79F711EB8FD880037E645 /* Note.swift */,
				DFF322511EB7CE48008237E4 /* Main.storyboard */,
				DFF79F751EB9084C0037E645 /* NoteTableViewController.swift */,
				DFF79F731EB902FF0037E645 /* NoteTableViewCell.swift */,
				DFF322541EB7CE48008237E4 /* Assets.xcassets */,
				DFF322561EB7CE48008237E4 /* LaunchScreen.storyboard */,
				DFF322591EB7CE48008237E4 /* Info.plist */,
			);
			path = "Swift Sandbox";
			sourceTree = "<group>";
		};
/* End PBXGroup section */

/* Begin PBXNativeTarget section */
		DFF322491EB7CE48008237E4 /* Swift Sandbox */ = {
			isa = PBXNativeTarget;
			buildConfigurationList = DFF3225C1EB7CE48008237E4 /* Build configuration list for PBXNativeTarget "Swift Sandbox" */;
			buildPhases = (
				DFF322461EB7CE48008237E4 /* Sources */,
				DFF322471EB7CE48008237E4 /* Frameworks */,
				DFF322481EB7CE48008237E4 /* Resources */,
			);
			buildRules = (
			);
			dependencies = (
			);
			name = "Swift Sandbox";
			productName = "Swift Sandbox";
			productReference = DFF3224A1EB7CE48008237E4 /* Swift Sandbox.app */;
			productType = "com.apple.product-type.application";
		};
/* End PBXNativeTarget section */

/* Begin PBXProject section */
		DFF322421EB7CE48008237E4 /* Project object */ = {
			isa = PBXProject;
			attributes = {
				LastSwiftUpdateCheck = 0830;
				LastUpgradeCheck = 0830;
				ORGANIZATIONNAME = "Ricky Padilla";
				TargetAttributes = {
					DFF322491EB7CE48008237E4 = {
						CreatedOnToolsVersion = 8.3.2;
						DevelopmentTeam = 2T798Y9BAG;
						ProvisioningStyle = Automatic;
					};
				};
			};
			buildConfigurationList = DFF322451EB7CE48008237E4 /* Build configuration list for PBXProject "Swift Sandbox" */;
			compatibilityVersion = "Xcode 3.2";
			developmentRegion = English;
			hasScannedForEncodings = 0;
			knownRegions = (
				en,
				Base,
			);
			mainGroup = DFF322411EB7CE48008237E4;
			productRefGroup = DFF3224B1EB7CE48008237E4 /* Products */;
			projectDirPath = "";
			projectRoot = "";
			targets = (
				DFF322491EB7CE48008237E4 /* Swift Sandbox */,
			);
		};
/* End PBXProject section */

/* Begin PBXResourcesBuildPhase section */
		DFF322481EB7CE48008237E4 /* Resources */ = {
			isa = PBXResourcesBuildPhase;
			buildActionMask = 2147483647;
			files = (
				DFF322581EB7CE48008237E4 /* LaunchScreen.storyboard in Resources */,
				DFF322551EB7CE48008237E4 /* Assets.xcassets in Resources */,
				DFF322531EB7CE48008237E4 /* Main.storyboard in Resources */,
			);
			runOnlyForDeploymentPostprocessing = 0;
		};
/* End PBXResourcesBuildPhase section */

/* Begin PBXSourcesBuildPhase section */
		DFF322461EB7CE48008237E4 /* Sources */ = {
			isa = PBXSourcesBuildPhase;
			buildActionMask = 2147483647;
			files = (
				DFF79F761EB9084C0037E645 /* NoteTableViewController.swift in Sources */,
				DFF322501EB7CE48008237E4 /* NoteViewController.swift in Sources */,
				DFF3224E1EB7CE48008237E4 /* AppDelegate.swift in Sources */,
				DFF79F721EB8FD880037E645 /* Note.swift in Sources */,
				DFF79F741EB902FF0037E645 /* NoteTableViewCell.swift in Sources */,
			);
			runOnlyForDeploymentPostprocessing = 0;
		};
/* End PBXSourcesBuildPhase section */

/* Begin PBXVariantGroup section */
		DFF322511EB7CE48008237E4 /* Main.storyboard */ = {
			isa = PBXVariantGroup;
			children = (
				DFF322521EB7CE48008237E4 /* Base */,
			);
			name = Main.storyboard;
			sourceTree = "<group>";
		};
		DFF322561EB7CE48008237E4 /* LaunchScreen.storyboard */ = {
			isa = PBXVariantGroup;
			children = (
				DFF322571EB7CE48008237E4 /* Base */,
			);
			name = LaunchScreen.storyboard;
			sourceTree = "<group>";
		};
/* End PBXVariantGroup section */

/* Begin XCBuildConfiguration section */
		DFF3225A1EB7CE48008237E4 /* Debug */ = {
			isa = XCBuildConfiguration;
			buildSettings = {
				ALWAYS_SEARCH_USER_PATHS = NO;
				CLANG_ANALYZER_NONNULL = YES;
				CLANG_ANALYZER_NUMBER_OBJECT_CONVERSION = YES_AGGRESSIVE;
				CLANG_CXX_LANGUAGE_STANDARD = "gnu++0x";
				CLANG_CXX_LIBRARY = "libc++";
				CLANG_ENABLE_MODULES = YES;
				CLANG_ENABLE_OBJC_ARC = YES;
				CLANG_WARN_BOOL_CONVERSION = YES;
				CLANG_WARN_CONSTANT_CONVERSION = YES;
				CLANG_WARN_DIRECT_OBJC_ISA_USAGE = YES_ERROR;
				CLANG_WARN_DOCUMENTATION_COMMENTS = YES;
				CLANG_WARN_EMPTY_BODY = YES;
				CLANG_WARN_ENUM_CONVERSION = YES;
				CLANG_WARN_INFINITE_RECURSION = YES;
				CLANG_WARN_INT_CONVERSION = YES;
				CLANG_WARN_OBJC_ROOT_CLASS = YES_ERROR;
				CLANG_WARN_SUSPICIOUS_MOVE = YES;
				CLANG_WARN_UNREACHABLE_CODE = YES;
				CLANG_WARN__DUPLICATE_METHOD_MATCH = YES;
				"CODE_SIGN_IDENTITY[sdk=iphoneos*]" = "iPhone Developer";
				COPY_PHASE_STRIP = NO;
				DEBUG_INFORMATION_FORMAT = dwarf;
				ENABLE_STRICT_OBJC_MSGSEND = YES;
				ENABLE_TESTABILITY = YES;
				GCC_C_LANGUAGE_STANDARD = gnu99;
				GCC_DYNAMIC_NO_PIC = NO;
				GCC_NO_COMMON_BLOCKS = YES;
				GCC_OPTIMIZATION_LEVEL = 0;
				GCC_PREPROCESSOR_DEFINITIONS = (
					"DEBUG=1",
					"$(inherited)",
				);
				GCC_WARN_64_TO_32_BIT_CONVERSION = YES;
				GCC_WARN_ABOUT_RETURN_TYPE = YES_ERROR;
				GCC_WARN_UNDECLARED_SELECTOR = YES;
				GCC_WARN_UNINITIALIZED_AUTOS = YES_AGGRESSIVE;
				GCC_WARN_UNUSED_FUNCTION = YES;
				GCC_WARN_UNUSED_VARIABLE = YES;
				IPHONEOS_DEPLOYMENT_TARGET = 10.3;
				MTL_ENABLE_DEBUG_INFO = YES;
				ONLY_ACTIVE_ARCH = YES;
				SDKROOT = iphoneos;
				SWIFT_ACTIVE_COMPILATION_CONDITIONS = DEBUG;
				SWIFT_OPTIMIZATION_LEVEL = "-Onone";
			};
			name = Debug;
		};
		DFF3225B1EB7CE48008237E4 /* Release */ = {
			isa = XCBuildConfiguration;
			buildSettings = {
				ALWAYS_SEARCH_USER_PATHS = NO;
				CLANG_ANALYZER_NONNULL = YES;
				CLANG_ANALYZER_NUMBER_OBJECT_CONVERSION = YES_AGGRESSIVE;
				CLANG_CXX_LANGUAGE_STANDARD = "gnu++0x";
				CLANG_CXX_LIBRARY = "libc++";
				CLANG_ENABLE_MODULES = YES;
				CLANG_ENABLE_OBJC_ARC = YES;
				CLANG_WARN_BOOL_CONVERSION = YES;
				CLANG_WARN_CONSTANT_CONVERSION = YES;
				CLANG_WARN_DIRECT_OBJC_ISA_USAGE = YES_ERROR;
				CLANG_WARN_DOCUMENTATION_COMMENTS = YES;
				CLANG_WARN_EMPTY_BODY = YES;
				CLANG_WARN_ENUM_CONVERSION = YES;
				CLANG_WARN_INFINITE_RECURSION = YES;
				CLANG_WARN_INT_CONVERSION = YES;
				CLANG_WARN_OBJC_ROOT_CLASS = YES_ERROR;
				CLANG_WARN_SUSPICIOUS_MOVE = YES;
				CLANG_WARN_UNREACHABLE_CODE = YES;
				CLANG_WARN__DUPLICATE_METHOD_MATCH = YES;
				"CODE_SIGN_IDENTITY[sdk=iphoneos*]" = "iPhone Developer";
				COPY_PHASE_STRIP = NO;
				DEBUG_INFORMATION_FORMAT = "dwarf-with-dsym";
				ENABLE_NS_ASSERTIONS = NO;
				ENABLE_STRICT_OBJC_MSGSEND = YES;
				GCC_C_LANGUAGE_STANDARD = gnu99;
				GCC_NO_COMMON_BLOCKS = YES;
				GCC_WARN_64_TO_32_BIT_CONVERSION = YES;
				GCC_WARN_ABOUT_RETURN_TYPE = YES_ERROR;
				GCC_WARN_UNDECLARED_SELECTOR = YES;
				GCC_WARN_UNINITIALIZED_AUTOS = YES_AGGRESSIVE;
				GCC_WARN_UNUSED_FUNCTION = YES;
				GCC_WARN_UNUSED_VARIABLE = YES;
				IPHONEOS_DEPLOYMENT_TARGET = 10.3;
				MTL_ENABLE_DEBUG_INFO = NO;
				SDKROOT = iphoneos;
				SWIFT_OPTIMIZATION_LEVEL = "-Owholemodule";
				VALIDATE_PRODUCT = YES;
			};
			name = Release;
		};
		DFF3225D1EB7CE48008237E4 /* Debug */ = {
			isa = XCBuildConfiguration;
			buildSettings = {
				ASSETCATALOG_COMPILER_APPICON_NAME = AppIcon;
				DEVELOPMENT_TEAM = 2T798Y9BAG;
				INFOPLIST_FILE = "Swift Sandbox/Info.plist";
				LD_RUNPATH_SEARCH_PATHS = "$(inherited) @executable_path/Frameworks";
				PRODUCT_BUNDLE_IDENTIFIER = "io.rky.Swift-Sandbox";
				PRODUCT_NAME = "$(TARGET_NAME)";
				SWIFT_VERSION = 3.0;
			};
			name = Debug;
		};
		DFF3225E1EB7CE48008237E4 /* Release */ = {
			isa = XCBuildConfiguration;
			buildSettings = {
				ASSETCATALOG_COMPILER_APPICON_NAME = AppIcon;
				DEVELOPMENT_TEAM = 2T798Y9BAG;
				INFOPLIST_FILE = "Swift Sandbox/Info.plist";
				LD_RUNPATH_SEARCH_PATHS = "$(inherited) @executable_path/Frameworks";
				PRODUCT_BUNDLE_IDENTIFIER = "io.rky.Swift-Sandbox";
				PRODUCT_NAME = "$(TARGET_NAME)";
				SWIFT_VERSION = 3.0;
			};
			name = Release;
		};
/* End XCBuildConfiguration section */

/* Begin XCConfigurationList section */
		DFF322451EB7CE48008237E4 /* Build configuration list for PBXProject "Swift Sandbox" */ = {
			isa = XCConfigurationList;
			buildConfigurations = (
				DFF3225A1EB7CE48008237E4 /* Debug */,
				DFF3225B1EB7CE48008237E4 /* Release */,
			);
			defaultConfigurationIsVisible = 0;
			defaultConfigurationName = Release;
		};
		DFF3225C1EB7CE48008237E4 /* Build configuration list for PBXNativeTarget "Swift Sandbox" */ = {
			isa = XCConfigurationList;
			buildConfigurations = (
				DFF3225D1EB7CE48008237E4 /* Debug */,
				DFF3225E1EB7CE48008237E4 /* Release */,
			);
			defaultConfigurationIsVisible = 0;
			defaultConfigurationName = Release;
		};
/* End XCConfigurationList section */
	};
	rootObject = DFF322421EB7CE48008237E4 /* Project object */;
}
